
Microsoft Visual Studio Solution File, Format Version 12.00
# Visual Studio Version 17
VisualStudioVersion = 17.14.36518.9 d17.14
MinimumVisualStudioVersion = 10.0.40219.1
Project("{FAE04EC0-301F-11D3-BF4B-00C04F79EFBC}") = "MedTox_WebAPI", "MedTox_WebAPI.csproj", "{DA18E166-A116-4AB1-A119-E7323AF3A96B}"
EndProject
Global
	GlobalSection(SolutionConfigurationPlatforms) = preSolution
		Debug|Any CPU = Debug|Any CPU
		Release|Any CPU = Release|Any CPU
	EndGlobalSection
	GlobalSection(ProjectConfigurationPlatforms) = postSolution
		{DA18E166-A116-4AB1-A119-E7323AF3A96B}.Debug|Any CPU.ActiveCfg = Debug|Any CPU
		{DA18E166-A116-4AB1-A119-E7323AF3A96B}.Debug|Any CPU.Build.0 = Debug|Any CPU
		{DA18E166-A116-4AB1-A119-E7323AF3A96B}.Release|Any CPU.ActiveCfg = Release|Any CPU
		{DA18E166-A116-4AB1-A119-E7323AF3A96B}.Release|Any CPU.Build.0 = Release|Any CPU
	EndGlobalSection
	GlobalSection(SolutionProperties) = preSolution
		HideSolutionNode = FALSE
	EndGlobalSection
	GlobalSection(ExtensibilityGlobals) = postSolution
		SolutionGuid = {3FF3816A-F3BF-4E49-8BAD-DB7CFCCFE681}
	EndGlobalSection
EndGlobal
